
Microsoft Visual Studio Solution File, Format Version 12.00
# Visual Studio Version 17
VisualStudioVersion = 17.4.33205.214
MinimumVisualStudioVersion = 10.0.40219.1
Project("{9A19103F-16F7-4668-BE54-9A1E7A4F7556}") = "QueueingSimulation", "QueueingSimulation\QueueingSimulation.csproj", "{BFA75279-CE49-4228-8717-FDB8F0DE0026}"
EndProject
Project("{9A19103F-16F7-4668-BE54-9A1E7A4F7556}") = "MMCKKQueueParameters", "MMCKKQueueParameters\MMCKKQueueParameters.csproj", "{38EAABEE-EB82-44B2-9B1E-3249471355BC}"
EndProject
Project("{9A19103F-16F7-4668-BE54-9A1E7A4F7556}") = "MMCNQueueParameters", "MMCNQueueParameters\MMCNQueueParameters.csproj", "{8BF59664-F746-42D6-9D6B-3DDD61AB90C0}"
EndProject
Project("{9A19103F-16F7-4668-BE54-9A1E7A4F7556}") = "MGInfinityQueueParameters", "MGInfinityQueueParameters\MGInfinityQueueParameters.csproj", "{0909C9F6-F424-4B0A-8B06-10FD34A54FCD}"
EndProject
Project("{9A19103F-16F7-4668-BE54-9A1E7A4F7556}") = "MMCQueueParameters", "MMCQueueParameters\MMCQueueParameters.csproj", "{FFD48F50-A307-416F-9914-7E486CD982AA}"
EndProject
Project("{9A19103F-16F7-4668-BE54-9A1E7A4F7556}") = "MG1QueueParameters", "MM1QueueParameters\MG1QueueParameters.csproj", "{7FD259C3-4FC8-44C6-8D68-E0273ADEA652}"
EndProject
Project("{9A19103F-16F7-4668-BE54-9A1E7A4F7556}") = "QueueingModelsInterfaces", "QueueingModelsInterfaces\QueueingModelsInterfaces.csproj", "{C101A5AB-C1DA-480E-A82A-6B8B21EF0808}"
EndProject
Project("{9A19103F-16F7-4668-BE54-9A1E7A4F7556}") = "MathematicalHelper", "MathematicalHelper\MathematicalHelper.csproj", "{3543AF0F-5918-4C90-9071-36F7DCD32B0D}"
EndProject
Project("{9A19103F-16F7-4668-BE54-9A1E7A4F7556}") = "TestMathHelper", "TestMathHelper\TestMathHelper.csproj", "{7E802E47-AD76-4421-BF69-E008437794E9}"
EndProject
Project("{9A19103F-16F7-4668-BE54-9A1E7A4F7556}") = "TestQueueingModels", "TestQueueingModels\TestQueueingModels.csproj", "{7DF595D2-0AAD-4244-93C0-1F320120B020}"
EndProject
Global
	GlobalSection(SolutionConfigurationPlatforms) = preSolution
		Debug|Any CPU = Debug|Any CPU
		Release|Any CPU = Release|Any CPU
	EndGlobalSection
	GlobalSection(ProjectConfigurationPlatforms) = postSolution
		{BFA75279-CE49-4228-8717-FDB8F0DE0026}.Debug|Any CPU.ActiveCfg = Debug|Any CPU
		{BFA75279-CE49-4228-8717-FDB8F0DE0026}.Debug|Any CPU.Build.0 = Debug|Any CPU
		{BFA75279-CE49-4228-8717-FDB8F0DE0026}.Release|Any CPU.ActiveCfg = Release|Any CPU
		{BFA75279-CE49-4228-8717-FDB8F0DE0026}.Release|Any CPU.Build.0 = Release|Any CPU
		{38EAABEE-EB82-44B2-9B1E-3249471355BC}.Debug|Any CPU.ActiveCfg = Debug|Any CPU
		{38EAABEE-EB82-44B2-9B1E-3249471355BC}.Debug|Any CPU.Build.0 = Debug|Any CPU
		{38EAABEE-EB82-44B2-9B1E-3249471355BC}.Release|Any CPU.ActiveCfg = Release|Any CPU
		{38EAABEE-EB82-44B2-9B1E-3249471355BC}.Release|Any CPU.Build.0 = Release|Any CPU
		{8BF59664-F746-42D6-9D6B-3DDD61AB90C0}.Debug|Any CPU.ActiveCfg = Debug|Any CPU
		{8BF59664-F746-42D6-9D6B-3DDD61AB90C0}.Debug|Any CPU.Build.0 = Debug|Any CPU
		{8BF59664-F746-42D6-9D6B-3DDD61AB90C0}.Release|Any CPU.ActiveCfg = Release|Any CPU
		{8BF59664-F746-42D6-9D6B-3DDD61AB90C0}.Release|Any CPU.Build.0 = Release|Any CPU
		{0909C9F6-F424-4B0A-8B06-10FD34A54FCD}.Debug|Any CPU.ActiveCfg = Debug|Any CPU
		{0909C9F6-F424-4B0A-8B06-10FD34A54FCD}.Debug|Any CPU.Build.0 = Debug|Any CPU
		{0909C9F6-F424-4B0A-8B06-10FD34A54FCD}.Release|Any CPU.ActiveCfg = Release|Any CPU
		{0909C9F6-F424-4B0A-8B06-10FD34A54FCD}.Release|Any CPU.Build.0 = Release|Any CPU
		{FFD48F50-A307-416F-9914-7E486CD982AA}.Debug|Any CPU.ActiveCfg = Debug|Any CPU
		{FFD48F50-A307-416F-9914-7E486CD982AA}.Debug|Any CPU.Build.0 = Debug|Any CPU
		{FFD48F50-A307-416F-9914-7E486CD982AA}.Release|Any CPU.ActiveCfg = Release|Any CPU
		{FFD48F50-A307-416F-9914-7E486CD982AA}.Release|Any CPU.Build.0 = Release|Any CPU
		{7FD259C3-4FC8-44C6-8D68-E0273ADEA652}.Debug|Any CPU.ActiveCfg = Debug|Any CPU
		{7FD259C3-4FC8-44C6-8D68-E0273ADEA652}.Debug|Any CPU.Build.0 = Debug|Any CPU
		{7FD259C3-4FC8-44C6-8D68-E0273ADEA652}.Release|Any CPU.ActiveCfg = Release|Any CPU
		{7FD259C3-4FC8-44C6-8D68-E0273ADEA652}.Release|Any CPU.Build.0 = Release|Any CPU
		{C101A5AB-C1DA-480E-A82A-6B8B21EF0808}.Debug|Any CPU.ActiveCfg = Debug|Any CPU
		{C101A5AB-C1DA-480E-A82A-6B8B21EF0808}.Debug|Any CPU.Build.0 = Debug|Any CPU
		{C101A5AB-C1DA-480E-A82A-6B8B21EF0808}.Release|Any CPU.ActiveCfg = Release|Any CPU
		{C101A5AB-C1DA-480E-A82A-6B8B21EF0808}.Release|Any CPU.Build.0 = Release|Any CPU
		{3543AF0F-5918-4C90-9071-36F7DCD32B0D}.Debug|Any CPU.ActiveCfg = Debug|Any CPU
		{3543AF0F-5918-4C90-9071-36F7DCD32B0D}.Debug|Any CPU.Build.0 = Debug|Any CPU
		{3543AF0F-5918-4C90-9071-36F7DCD32B0D}.Release|Any CPU.ActiveCfg = Release|Any CPU
		{3543AF0F-5918-4C90-9071-36F7DCD32B0D}.Release|Any CPU.Build.0 = Release|Any CPU
		{7E802E47-AD76-4421-BF69-E008437794E9}.Debug|Any CPU.ActiveCfg = Debug|Any CPU
		{7E802E47-AD76-4421-BF69-E008437794E9}.Debug|Any CPU.Build.0 = Debug|Any CPU
		{7E802E47-AD76-4421-BF69-E008437794E9}.Release|Any CPU.ActiveCfg = Release|Any CPU
		{7E802E47-AD76-4421-BF69-E008437794E9}.Release|Any CPU.Build.0 = Release|Any CPU
		{7DF595D2-0AAD-4244-93C0-1F320120B020}.Debug|Any CPU.ActiveCfg = Debug|Any CPU
		{7DF595D2-0AAD-4244-93C0-1F320120B020}.Debug|Any CPU.Build.0 = Debug|Any CPU
		{7DF595D2-0AAD-4244-93C0-1F320120B020}.Release|Any CPU.ActiveCfg = Release|Any CPU
		{7DF595D2-0AAD-4244-93C0-1F320120B020}.Release|Any CPU.Build.0 = Release|Any CPU
	EndGlobalSection
	GlobalSection(SolutionProperties) = preSolution
		HideSolutionNode = FALSE
	EndGlobalSection
	GlobalSection(ExtensibilityGlobals) = postSolution
		SolutionGuid = {16897F05-7367-409B-86A5-20033B688CB1}
	EndGlobalSection
EndGlobal
